apiVersion: v1
kind: Pod
metadata:
  name: pod-sample-block
spec:
  containers:
    - name: my-busybox
      image: busybox
      volumeDevices:
        - devicePath: "/block"
          name: sample-volume
      command: ["sleep", "1000000"]
      imagePullPolicy: IfNotPresent
  volumes:
    - name: sample-volume
      persistentVolumeClaim:
        claimName: pvc-sample-block
